// !$*UTF8*$!
{
	archiveVersion = 1;
	classes = {
	};
	objectVersion = 50;
	objects = {

/* Begin PBXBuildFile section */
		2C2141B922B822520069FB05 /* AppDelegate.swift in Sources */ = {isa = PBXBuildFile; fileRef = 2C2141B822B822520069FB05 /* AppDelegate.swift */; };
		2C2141BE22B822520069FB05 /* Main.storyboard in Resources */ = {isa = PBXBuildFile; fileRef = 2C2141BC22B822520069FB05 /* Main.storyboard */; };
		2C2141C022B822550069FB05 /* Assets.xcassets in Resources */ = {isa = PBXBuildFile; fileRef = 2C2141BF22B822550069FB05 /* Assets.xcassets */; };
		2C2141C322B822550069FB05 /* LaunchScreen.storyboard in Resources */ = {isa = PBXBuildFile; fileRef = 2C2141C122B822550069FB05 /* LaunchScreen.storyboard */; };
		2C2141CF22B825AF0069FB05 /* AlarmListTableViewController.swift in Sources */ = {isa = PBXBuildFile; fileRef = 2C2141CE22B825AF0069FB05 /* AlarmListTableViewController.swift */; };
		2C2141D222B826490069FB05 /* AlarmDetailTableViewController.swift in Sources */ = {isa = PBXBuildFile; fileRef = 2C2141D122B826490069FB05 /* AlarmDetailTableViewController.swift */; };
		2C2141D422B8292A0069FB05 /* SwitchTableViewCell.swift in Sources */ = {isa = PBXBuildFile; fileRef = 2C2141D322B8292A0069FB05 /* SwitchTableViewCell.swift */; };
/* End PBXBuildFile section */

/* Begin PBXFileReference section */
		2C2141B522B822520069FB05 /* Alarm.app */ = {isa = PBXFileReference; explicitFileType = wrapper.application; includeInIndex = 0; path = Alarm.app; sourceTree = BUILT_PRODUCTS_DIR; };
		2C2141B822B822520069FB05 /* AppDelegate.swift */ = {isa = PBXFileReference; lastKnownFileType = sourcecode.swift; path = AppDelegate.swift; sourceTree = "<group>"; };
		2C2141BD22B822520069FB05 /* Base */ = {isa = PBXFileReference; lastKnownFileType = file.storyboard; name = Base; path = Base.lproj/Main.storyboard; sourceTree = "<group>"; };
		2C2141BF22B822550069FB05 /* Assets.xcassets */ = {isa = PBXFileReference; lastKnownFileType = folder.assetcatalog; path = Assets.xcassets; sourceTree = "<group>"; };
		2C2141C222B822550069FB05 /* Base */ = {isa = PBXFileReference; lastKnownFileType = file.storyboard; name = Base; path = Base.lproj/LaunchScreen.storyboard; sourceTree = "<group>"; };
		2C2141C422B822550069FB05 /* Info.plist */ = {isa = PBXFileReference; lastKnownFileType = text.plist.xml; path = Info.plist; sourceTree = "<group>"; };
		2C2141CE22B825AF0069FB05 /* AlarmListTableViewController.swift */ = {isa = PBXFileReference; lastKnownFileType = sourcecode.swift; path = AlarmListTableViewController.swift; sourceTree = "<group>"; };
		2C2141D122B826490069FB05 /* AlarmDetailTableViewController.swift */ = {isa = PBXFileReference; lastKnownFileType = sourcecode.swift; path = AlarmDetailTableViewController.swift; sourceTree = "<group>"; };
		2C2141D322B8292A0069FB05 /* SwitchTableViewCell.swift */ = {isa = PBXFileReference; lastKnownFileType = sourcecode.swift; path = SwitchTableViewCell.swift; sourceTree = "<group>"; };
/* End PBXFileReference section */

/* Begin PBXFrameworksBuildPhase section */
		2C2141B222B822520069FB05 /* Frameworks */ = {
			isa = PBXFrameworksBuildPhase;
			buildActionMask = 2147483647;
			files = (
			);
			runOnlyForDeploymentPostprocessing = 0;
		};
/* End PBXFrameworksBuildPhase section */

/* Begin PBXGroup section */
		2C2141AC22B822520069FB05 = {
			isa = PBXGroup;
			children = (
				2C2141B722B822520069FB05 /* Alarm */,
				2C2141B622B822520069FB05 /* Products */,
			);
			sourceTree = "<group>";
		};
		2C2141B622B822520069FB05 /* Products */ = {
			isa = PBXGroup;
			children = (
				2C2141B522B822520069FB05 /* Alarm.app */,
			);
			name = Products;
			sourceTree = "<group>";
		};
		2C2141B722B822520069FB05 /* Alarm */ = {
			isa = PBXGroup;
			children = (
				2C2141BC22B822520069FB05 /* Main.storyboard */,
				2C2141CD22B823270069FB05 /* Custom Views */,
				2C2141CC22B8231E0069FB05 /* Controllers */,
				2C2141CB22B823040069FB05 /* Models */,
				2C2141CA22B822EE0069FB05 /* Resources */,
			);
			path = Alarm;
			sourceTree = "<group>";
		};
		2C2141CA22B822EE0069FB05 /* Resources */ = {
			isa = PBXGroup;
			children = (
				2C2141B822B822520069FB05 /* AppDelegate.swift */,
				2C2141BF22B822550069FB05 /* Assets.xcassets */,
				2C2141C122B822550069FB05 /* LaunchScreen.storyboard */,
				2C2141C422B822550069FB05 /* Info.plist */,
			);
			path = Resources;
			sourceTree = "<group>";
		};
		2C2141CB22B823040069FB05 /* Models */ = {
			isa = PBXGroup;
			children = (
			);
			path = Models;
			sourceTree = "<group>";
		};
		2C2141CC22B8231E0069FB05 /* Controllers */ = {
			isa = PBXGroup;
			children = (
				2C2141D022B825B30069FB05 /* View Controllers */,
			);
			path = Controllers;
			sourceTree = "<group>";
		};
		2C2141CD22B823270069FB05 /* Custom Views */ = {
			isa = PBXGroup;
			children = (
				2C2141D322B8292A0069FB05 /* SwitchTableViewCell.swift */,
			);
			path = "Custom Views";
			sourceTree = "<group>";
		};
		2C2141D022B825B30069FB05 /* View Controllers */ = {
			isa = PBXGroup;
			children = (
				2C2141CE22B825AF0069FB05 /* AlarmListTableViewController.swift */,
				2C2141D122B826490069FB05 /* AlarmDetailTableViewController.swift */,
			);
			path = "View Controllers";
			sourceTree = "<group>";
		};
/* End PBXGroup section */

/* Begin PBXNativeTarget section */
		2C2141B422B822520069FB05 /* Alarm */ = {
			isa = PBXNativeTarget;
			buildConfigurationList = 2C2141C722B822550069FB05 /* Build configuration list for PBXNativeTarget "Alarm" */;
			buildPhases = (
				2C2141B122B822520069FB05 /* Sources */,
				2C2141B222B822520069FB05 /* Frameworks */,
				2C2141B322B822520069FB05 /* Resources */,
			);
			buildRules = (
			);
			dependencies = (
			);
			name = Alarm;
			productName = Alarm;
			productReference = 2C2141B522B822520069FB05 /* Alarm.app */;
			productType = "com.apple.product-type.application";
		};
/* End PBXNativeTarget section */

/* Begin PBXProject section */
		2C2141AD22B822520069FB05 /* Project object */ = {
			isa = PBXProject;
			attributes = {
				LastSwiftUpdateCheck = 1020;
				LastUpgradeCheck = 1020;
				ORGANIZATIONNAME = "Darin Marcus Armstrong";
				TargetAttributes = {
					2C2141B422B822520069FB05 = {
						CreatedOnToolsVersion = 10.2.1;
					};
				};
			};
			buildConfigurationList = 2C2141B022B822520069FB05 /* Build configuration list for PBXProject "Alarm" */;
			compatibilityVersion = "Xcode 9.3";
			developmentRegion = en;
			hasScannedForEncodings = 0;
			knownRegions = (
				en,
				Base,
			);
			mainGroup = 2C2141AC22B822520069FB05;
			productRefGroup = 2C2141B622B822520069FB05 /* Products */;
			projectDirPath = "";
			projectRoot = "";
			targets = (
				2C2141B422B822520069FB05 /* Alarm */,
			);
		};
/* End PBXProject section */

/* Begin PBXResourcesBuildPhase section */
		2C2141B322B822520069FB05 /* Resources */ = {
			isa = PBXResourcesBuildPhase;
			buildActionMask = 2147483647;
			files = (
				2C2141C322B822550069FB05 /* LaunchScreen.storyboard in Resources */,
				2C2141C022B822550069FB05 /* Assets.xcassets in Resources */,
				2C2141BE22B822520069FB05 /* Main.storyboard in Resources */,
			);
			runOnlyForDeploymentPostprocessing = 0;
		};
/* End PBXResourcesBuildPhase section */

/* Begin PBXSourcesBuildPhase section */
		2C2141B122B822520069FB05 /* Sources */ = {
			isa = PBXSourcesBuildPhase;
			buildActionMask = 2147483647;
			files = (
				2C2141D222B826490069FB05 /* AlarmDetailTableViewController.swift in Sources */,
				2C2141D422B8292A0069FB05 /* SwitchTableViewCell.swift in Sources */,
				2C2141B922B822520069FB05 /* AppDelegate.swift in Sources */,
				2C2141CF22B825AF0069FB05 /* AlarmListTableViewController.swift in Sources */,
			);
			runOnlyForDeploymentPostprocessing = 0;
		};
/* End PBXSourcesBuildPhase section */

/* Begin PBXVariantGroup section */
		2C2141BC22B822520069FB05 /* Main.storyboard */ = {
			isa = PBXVariantGroup;
			children = (
				2C2141BD22B822520069FB05 /* Base */,
			);
			name = Main.storyboard;
			sourceTree = "<group>";
		};
		2C2141C122B822550069FB05 /* LaunchScreen.storyboard */ = {
			isa = PBXVariantGroup;
			children = (
				2C2141C222B822550069FB05 /* Base */,
			);
			name = LaunchScreen.storyboard;
			sourceTree = "<group>";
		};
/* End PBXVariantGroup section */

/* Begin XCBuildConfiguration section */
		2C2141C522B822550069FB05 /* Debug */ = {
			isa = XCBuildConfiguration;
			buildSettings = {
				ALWAYS_SEARCH_USER_PATHS = NO;
				CLANG_ANALYZER_NONNULL = YES;
				CLANG_ANALYZER_NUMBER_OBJECT_CONVERSION = YES_AGGRESSIVE;
				CLANG_CXX_LANGUAGE_STANDARD = "gnu++14";
				CLANG_CXX_LIBRARY = "libc++";
				CLANG_ENABLE_MODULES = YES;
				CLANG_ENABLE_OBJC_ARC = YES;
				CLANG_ENABLE_OBJC_WEAK = YES;
				CLANG_WARN_BLOCK_CAPTURE_AUTORELEASING = YES;
				CLANG_WARN_BOOL_CONVERSION = YES;
				CLANG_WARN_COMMA = YES;
				CLANG_WARN_CONSTANT_CONVERSION = YES;
				CLANG_WARN_DEPRECATED_OBJC_IMPLEMENTATIONS = YES;
				CLANG_WARN_DIRECT_OBJC_ISA_USAGE = YES_ERROR;
				CLANG_WARN_DOCUMENTATION_COMMENTS = YES;
				CLANG_WARN_EMPTY_BODY = YES;
				CLANG_WARN_ENUM_CONVERSION = YES;
				CLANG_WARN_INFINITE_RECURSION = YES;
				CLANG_WARN_INT_CONVERSION = YES;
				CLANG_WARN_NON_LITERAL_NULL_CONVERSION = YES;
				CLANG_WARN_OBJC_IMPLICIT_RETAIN_SELF = YES;
				CLANG_WARN_OBJC_LITERAL_CONVERSION = YES;
				CLANG_WARN_OBJC_ROOT_CLASS = YES_ERROR;
				CLANG_WARN_RANGE_LOOP_ANALYSIS = YES;
				CLANG_WARN_STRICT_PROTOTYPES = YES;
				CLANG_WARN_SUSPICIOUS_MOVE = YES;
				CLANG_WARN_UNGUARDED_AVAILABILITY = YES_AGGRESSIVE;
				CLANG_WARN_UNREACHABLE_CODE = YES;
				CLANG_WARN__DUPLICATE_METHOD_MATCH = YES;
				CODE_SIGN_IDENTITY = "iPhone Developer";
				COPY_PHASE_STRIP = NO;
				DEBUG_INFORMATION_FORMAT = dwarf;
				ENABLE_STRICT_OBJC_MSGSEND = YES;
				ENABLE_TESTABILITY = YES;
				GCC_C_LANGUAGE_STANDARD = gnu11;
				GCC_DYNAMIC_NO_PIC = NO;
				GCC_NO_COMMON_BLOCKS = YES;
				GCC_OPTIMIZATION_LEVEL = 0;
				GCC_PREPROCESSOR_DEFINITIONS = (
					"DEBUG=1",
					"$(inherited)",
				);
				GCC_WARN_64_TO_32_BIT_CONVERSION = YES;
				GCC_WARN_ABOUT_RETURN_TYPE = YES_ERROR;
				GCC_WARN_UNDECLARED_SELECTOR = YES;
				GCC_WARN_UNINITIALIZED_AUTOS = YES_AGGRESSIVE;
				GCC_WARN_UNUSED_FUNCTION = YES;
				GCC_WARN_UNUSED_VARIABLE = YES;
				IPHONEOS_DEPLOYMENT_TARGET = 12.2;
				MTL_ENABLE_DEBUG_INFO = INCLUDE_SOURCE;
				MTL_FAST_MATH = YES;
				ONLY_ACTIVE_ARCH = YES;
				SDKROOT = iphoneos;
				SWIFT_ACTIVE_COMPILATION_CONDITIONS = DEBUG;
				SWIFT_OPTIMIZATION_LEVEL = "-Onone";
			};
			name = Debug;
		};
		2C2141C622B822550069FB05 /* Release */ = {
			isa = XCBuildConfiguration;
			buildSettings = {
				ALWAYS_SEARCH_USER_PATHS = NO;
				CLANG_ANALYZER_NONNULL = YES;
				CLANG_ANALYZER_NUMBER_OBJECT_CONVERSION = YES_AGGRESSIVE;
				CLANG_CXX_LANGUAGE_STANDARD = "gnu++14";
				CLANG_CXX_LIBRARY = "libc++";
				CLANG_ENABLE_MODULES = YES;
				CLANG_ENABLE_OBJC_ARC = YES;
				CLANG_ENABLE_OBJC_WEAK = YES;
				CLANG_WARN_BLOCK_CAPTURE_AUTORELEASING = YES;
				CLANG_WARN_BOOL_CONVERSION = YES;
				CLANG_WARN_COMMA = YES;
				CLANG_WARN_CONSTANT_CONVERSION = YES;
				CLANG_WARN_DEPRECATED_OBJC_IMPLEMENTATIONS = YES;
				CLANG_WARN_DIRECT_OBJC_ISA_USAGE = YES_ERROR;
				CLANG_WARN_DOCUMENTATION_COMMENTS = YES;
				CLANG_WARN_EMPTY_BODY = YES;
				CLANG_WARN_ENUM_CONVERSION = YES;
				CLANG_WARN_INFINITE_RECURSION = YES;
				CLANG_WARN_INT_CONVERSION = YES;
				CLANG_WARN_NON_LITERAL_NULL_CONVERSION = YES;
				CLANG_WARN_OBJC_IMPLICIT_RETAIN_SELF = YES;
				CLANG_WARN_OBJC_LITERAL_CONVERSION = YES;
				CLANG_WARN_OBJC_ROOT_CLASS = YES_ERROR;
				CLANG_WARN_RANGE_LOOP_ANALYSIS = YES;
				CLANG_WARN_STRICT_PROTOTYPES = YES;
				CLANG_WARN_SUSPICIOUS_MOVE = YES;
				CLANG_WARN_UNGUARDED_AVAILABILITY = YES_AGGRESSIVE;
				CLANG_WARN_UNREACHABLE_CODE = YES;
				CLANG_WARN__DUPLICATE_METHOD_MATCH = YES;
				CODE_SIGN_IDENTITY = "iPhone Developer";
				COPY_PHASE_STRIP = NO;
				DEBUG_INFORMATION_FORMAT = "dwarf-with-dsym";
				ENABLE_NS_ASSERTIONS = NO;
				ENABLE_STRICT_OBJC_MSGSEND = YES;
				GCC_C_LANGUAGE_STANDARD = gnu11;
				GCC_NO_COMMON_BLOCKS = YES;
				GCC_WARN_64_TO_32_BIT_CONVERSION = YES;
				GCC_WARN_ABOUT_RETURN_TYPE = YES_ERROR;
				GCC_WARN_UNDECLARED_SELECTOR = YES;
				GCC_WARN_UNINITIALIZED_AUTOS = YES_AGGRESSIVE;
				GCC_WARN_UNUSED_FUNCTION = YES;
				GCC_WARN_UNUSED_VARIABLE = YES;
				IPHONEOS_DEPLOYMENT_TARGET = 12.2;
				MTL_ENABLE_DEBUG_INFO = NO;
				MTL_FAST_MATH = YES;
				SDKROOT = iphoneos;
				SWIFT_COMPILATION_MODE = wholemodule;
				SWIFT_OPTIMIZATION_LEVEL = "-O";
				VALIDATE_PRODUCT = YES;
			};
			name = Release;
		};
		2C2141C822B822550069FB05 /* Debug */ = {
			isa = XCBuildConfiguration;
			buildSettings = {
				ASSETCATALOG_COMPILER_APPICON_NAME = AppIcon;
				CODE_SIGN_STYLE = Automatic;
				INFOPLIST_FILE = "$(SRCROOT)/Alarm/Resources/Info.plist";
				LD_RUNPATH_SEARCH_PATHS = (
					"$(inherited)",
					"@executable_path/Frameworks",
				);
				PRODUCT_BUNDLE_IDENTIFIER = DMA.Alarm;
				PRODUCT_NAME = "$(TARGET_NAME)";
				SWIFT_VERSION = 5.0;
				TARGETED_DEVICE_FAMILY = "1,2";
			};
			name = Debug;
		};
		2C2141C922B822550069FB05 /* Release */ = {
			isa = XCBuildConfiguration;
			buildSettings = {
				ASSETCATALOG_COMPILER_APPICON_NAME = AppIcon;
				CODE_SIGN_STYLE = Automatic;
				INFOPLIST_FILE = "$(SRCROOT)/Alarm/Resources/Info.plist";
				LD_RUNPATH_SEARCH_PATHS = (
					"$(inherited)",
					"@executable_path/Frameworks",
				);
				PRODUCT_BUNDLE_IDENTIFIER = DMA.Alarm;
				PRODUCT_NAME = "$(TARGET_NAME)";
				SWIFT_VERSION = 5.0;
				TARGETED_DEVICE_FAMILY = "1,2";
			};
			name = Release;
		};
/* End XCBuildConfiguration section */

/* Begin XCConfigurationList section */
		2C2141B022B822520069FB05 /* Build configuration list for PBXProject "Alarm" */ = {
			isa = XCConfigurationList;
			buildConfigurations = (
				2C2141C522B822550069FB05 /* Debug */,
				2C2141C622B822550069FB05 /* Release */,
			);
			defaultConfigurationIsVisible = 0;
			defaultConfigurationName = Release;
		};
		2C2141C722B822550069FB05 /* Build configuration list for PBXNativeTarget "Alarm" */ = {
			isa = XCConfigurationList;
			buildConfigurations = (
				2C2141C822B822550069FB05 /* Debug */,
				2C2141C922B822550069FB05 /* Release */,
			);
			defaultConfigurationIsVisible = 0;
			defaultConfigurationName = Release;
		};
/* End XCConfigurationList section */
	};
	rootObject = 2C2141AD22B822520069FB05 /* Project object */;
}
